# This file is autogenerated, do not edit; changes may be undone by the next 'dep ensure'.


[[projects]]
  name = "github.com/BurntSushi/toml"
  packages = ["."]
  revision = "b26d9c308763d68093482582cea63d69be07a0f0"
  version = "v0.3.0"

[[projects]]
  branch = "master"
  name = "github.com/go-gl/gl"
  packages = ["v3.3-core/gl"]
  revision = "39ef8e959f4050148ec5a59816a93b9e65b4528f"

[[projects]]
  branch = "master"
  name = "github.com/go-gl/glfw"
  packages = ["v3.2/glfw"]
  revision = "513e4f2bf85c31fba0fc4907abd7895242ccbe50"

[solve-meta]
  analyzer-name = "dep"
  analyzer-version = 1
  inputs-digest = "f060e8a48eeb138e290401ad56f782e713fc4471a27bfd8af9029c3ee344743c"
  solver-name = "gps-cdcl"
  solver-version = 1
